
Microsoft Visual Studio Solution File, Format Version 12.00
# Visual Studio 15
VisualStudioVersion = 15.0.27130.2027
MinimumVisualStudioVersion = 10.0.40219.1
Project("{FAE04EC0-301F-11D3-BF4B-00C04F79EFBC}") = "Pwd", "Pwd\Pwd.csproj", "{4DDA6576-86EA-473F-9E7A-785C8DD30F4F}"
EndProject
Project("{FAE04EC0-301F-11D3-BF4B-00C04F79EFBC}") = "Listener", "Listener\Listener.csproj", "{CFF91C79-CFA9-4ABC-A77D-11E8E6EAC7AD}"
EndProject
Global
	GlobalSection(SolutionConfigurationPlatforms) = preSolution
		Debug|Any CPU = Debug|Any CPU
		Release|Any CPU = Release|Any CPU
	EndGlobalSection
	GlobalSection(ProjectConfigurationPlatforms) = postSolution
		{4DDA6576-86EA-473F-9E7A-785C8DD30F4F}.Debug|Any CPU.ActiveCfg = Debug|Any CPU
		{4DDA6576-86EA-473F-9E7A-785C8DD30F4F}.Debug|Any CPU.Build.0 = Debug|Any CPU
		{4DDA6576-86EA-473F-9E7A-785C8DD30F4F}.Release|Any CPU.ActiveCfg = Release|Any CPU
		{4DDA6576-86EA-473F-9E7A-785C8DD30F4F}.Release|Any CPU.Build.0 = Release|Any CPU
		{CFF91C79-CFA9-4ABC-A77D-11E8E6EAC7AD}.Debug|Any CPU.ActiveCfg = Debug|Any CPU
		{CFF91C79-CFA9-4ABC-A77D-11E8E6EAC7AD}.Debug|Any CPU.Build.0 = Debug|Any CPU
		{CFF91C79-CFA9-4ABC-A77D-11E8E6EAC7AD}.Release|Any CPU.ActiveCfg = Release|Any CPU
		{CFF91C79-CFA9-4ABC-A77D-11E8E6EAC7AD}.Release|Any CPU.Build.0 = Release|Any CPU
	EndGlobalSection
	GlobalSection(SolutionProperties) = preSolution
		HideSolutionNode = FALSE
	EndGlobalSection
	GlobalSection(ExtensibilityGlobals) = postSolution
		SolutionGuid = {4F3581A8-94BD-464F-98E6-2B603E12D326}
	EndGlobalSection
EndGlobal
