
Microsoft Visual Studio Solution File, Format Version 12.00
# Visual Studio 15
VisualStudioVersion = 15.0.27130.2027
MinimumVisualStudioVersion = 10.0.40219.1
Project("{888888A0-9F3D-457C-B088-3A5042F75D52}") = "PawaN", "PawaN\PawaN.pyproj", "{0078B7A1-C40C-43D0-B8A7-FD31DFDA4933}"
EndProject
Global
	GlobalSection(SolutionConfigurationPlatforms) = preSolution
		Debug|Any CPU = Debug|Any CPU
		Release|Any CPU = Release|Any CPU
	EndGlobalSection
	GlobalSection(ProjectConfigurationPlatforms) = postSolution
		{0078B7A1-C40C-43D0-B8A7-FD31DFDA4933}.Debug|Any CPU.ActiveCfg = Debug|Any CPU
		{0078B7A1-C40C-43D0-B8A7-FD31DFDA4933}.Release|Any CPU.ActiveCfg = Release|Any CPU
	EndGlobalSection
	GlobalSection(SolutionProperties) = preSolution
		HideSolutionNode = FALSE
	EndGlobalSection
	GlobalSection(ExtensibilityGlobals) = postSolution
		SolutionGuid = {EB9A9586-4345-451E-9D48-9CAA57806244}
	EndGlobalSection
EndGlobal
