
Microsoft Visual Studio Solution File, Format Version 12.00
# Visual Studio 15
VisualStudioVersion = 15.0.27130.2027
MinimumVisualStudioVersion = 10.0.40219.1
Project("{888888A0-9F3D-457C-B088-3A5042F75D52}") = "GameOfPython", "GameOfPython\GameOfPython.pyproj", "{95506EA8-574F-4428-BA32-0260151A7028}"
EndProject
Global
	GlobalSection(SolutionConfigurationPlatforms) = preSolution
		Debug|Any CPU = Debug|Any CPU
		Release|Any CPU = Release|Any CPU
	EndGlobalSection
	GlobalSection(ProjectConfigurationPlatforms) = postSolution
		{95506EA8-574F-4428-BA32-0260151A7028}.Debug|Any CPU.ActiveCfg = Debug|Any CPU
		{95506EA8-574F-4428-BA32-0260151A7028}.Release|Any CPU.ActiveCfg = Release|Any CPU
	EndGlobalSection
	GlobalSection(SolutionProperties) = preSolution
		HideSolutionNode = FALSE
	EndGlobalSection
	GlobalSection(ExtensibilityGlobals) = postSolution
		SolutionGuid = {92A7E384-711A-4A3D-94AB-1FE4B9F0A5CF}
	EndGlobalSection
EndGlobal
